
Microsoft Visual Studio Solution File, Format Version 12.00
# Visual Studio Version 17
VisualStudioVersion = 17.14.36623.8 d17.14
MinimumVisualStudioVersion = 10.0.40219.1
Project("{FAE04EC0-301F-11D3-BF4B-00C04F79EFBC}") = "DuPharma", "DuPharma.csproj", "{2B3921BB-75A6-405B-B728-220E9F66F06D}"
EndProject
Global
	GlobalSection(SolutionConfigurationPlatforms) = preSolution
		Debug|Any CPU = Debug|Any CPU
		Release|Any CPU = Release|Any CPU
	EndGlobalSection
	GlobalSection(ProjectConfigurationPlatforms) = postSolution
		{2B3921BB-75A6-405B-B728-220E9F66F06D}.Debug|Any CPU.ActiveCfg = Debug|Any CPU
		{2B3921BB-75A6-405B-B728-220E9F66F06D}.Debug|Any CPU.Build.0 = Debug|Any CPU
		{2B3921BB-75A6-405B-B728-220E9F66F06D}.Release|Any CPU.ActiveCfg = Release|Any CPU
		{2B3921BB-75A6-405B-B728-220E9F66F06D}.Release|Any CPU.Build.0 = Release|Any CPU
	EndGlobalSection
	GlobalSection(SolutionProperties) = preSolution
		HideSolutionNode = FALSE
	EndGlobalSection
	GlobalSection(ExtensibilityGlobals) = postSolution
		SolutionGuid = {0AEDBD97-D33D-4A6D-A2D0-56757FD0D93A}
	EndGlobalSection
EndGlobal
